{
  "name": "browser-ai",
  "lockfileVersion": 3,
  "requires": true,
  "packages": {
    "": {
      "name": "browser-ai",
      "workspaces": [
        "docs",
        "examples/*",
        "packages/*",
        "packages/*/*"
      ],
      "devDependencies": {
        "@changesets/cli": "^2.29.5",
        "prettier": "^3.6.2",
        "turbo": "^2.9.14",
        "typescript": "5.8.3"
      },
      "engines": {
        "node": ">=18"
      }
    },
    "docs": {
      "version": "0.0.0",
      "hasInstallScript": true,
      "dependencies": {
        "@radix-ui/react-dropdown-menu": "^2.1.16",
        "@radix-ui/react-select": "^2.2.6",
        "@radix-ui/react-slot": "^1.2.4",
        "@radix-ui/react-tabs": "^1.1.13",
        "@radix-ui/react-use-controllable-state": "^1.2.2",
        "@shikijs/transformers": "^3.20.0",
        "class-variance-authority": "^0.7.1",
        "clsx": "^2.1.1",
        "fumadocs-core": "16.3.2",
        "fumadocs-mdx": "14.2.2",
        "fumadocs-ui": "16.3.2",
        "lucide-react": "^0.561.0",
        "next": "16.2.6",
        "radix-ui": "^1.4.3",
        "react": "^19.2.3",
        "react-dom": "^19.2.3",
        "react-icons": "^5.5.0",
        "react-tweet": "^3.3.0",
        "shiki": "^3.20.0",
        "tailwind-merge": "^3.4.0"
      },
      "devDependencies": {
        "@tailwindcss/postcss": "^4.1.18",
        "@types/mdx": "^2.0.13",
        "@types/node": "^24.10.2",
        "@types/react": "^19.2.7",
        "@types/react-dom": "^19.2.3",
        "eslint": "^9.39.2",
        "eslint-config-next": "16.0.10",
        "postcss": "^8.5.6",
        "tailwindcss": "^4.1.18",
        "tw-animate-css": "^1.4.0",
        "typescript": "^5.9.3"
      }
    },
    "docs/node_modules/typescript": {
      "version": "5.9.3",
      "resolved": "https://registry.npmjs.org/typescript/-/typescript-5.9.3.tgz",
      "integrity": "sha512-jl1vZzPDinLr9eUt3J/t7V6FgNEw9QjvBPdysz9KfQDD41fQrC2Y4vKQdiaUpFT4bXlb1RHhLpp8wtm6M5TgSw==",
      "dev": true,
      "license": "Apache-2.0",
      "bin": {
        "tsc": "bin/tsc",
        "tsserver": "bin/tsserver"
      },
      "engines": {
        "node": ">=14.17"
      }
    },
    "examples/next-hybrid": {
      "name": "@example/next-hybrid",
      "version": "0.0.0",
      "dependencies": {
        "@ai-sdk/openai": "^3.0.0",
        "@ai-sdk/react": "^3.0.1",
        "@browser-ai/core": "*",
        "@browser-ai/transformers-js": "*",
        "@browser-ai/web-llm": "*",
        "@huggingface/transformers": "^4.0.1",
        "@icons-pack/react-simple-icons": "^13.7.0",
        "@modelcontextprotocol/sdk": "^1.26.0",
        "@radix-ui/react-avatar": "^1.1.10",
        "@radix-ui/react-collapsible": "^1.1.11",
        "@radix-ui/react-dropdown-menu": "^2.1.15",
        "@radix-ui/react-hover-card": "^1.1.15",
        "@radix-ui/react-progress": "^1.1.8",
        "@radix-ui/react-scroll-area": "^1.2.9",
        "@radix-ui/react-select": "^2.2.5",
        "@radix-ui/react-slot": "^1.2.4",
        "@radix-ui/react-switch": "^1.2.5",
        "@radix-ui/react-tooltip": "^1.2.7",
        "@radix-ui/react-use-controllable-state": "^1.2.2",
        "@shikijs/transformers": "^3.8.0",
        "@vercel/blob": "^2.4.0",
        "ai": "^6.0.92",
        "class-variance-authority": "^0.7.1",
        "clsx": "^2.1.1",
        "embla-carousel-react": "^8.6.0",
        "exa-js": "^1.10.2",
        "harden-react-markdown": "^1.0.4",
        "katex": "^0.16.22",
        "lucide-react": "^0.525.0",
        "next": "^16.2.6",
        "next-themes": "^0.4.6",
        "react": "^19",
        "react-dom": "^19",
        "react-markdown": "^9.1.0",
        "react-syntax-highlighter": "^15.6.1",
        "redis": "^4.7.0",
        "rehype-katex": "^7.0.1",
        "remark-gfm": "^4.0.1",
        "remark-math": "^6.0.0",
        "resumable-stream": "^2.2.0",
        "sonner": "^2.0.6",
        "tailwind-merge": "^3.3.1",
        "tailwindcss-animate": "^1.0.7",
        "tokenlens": "^1.3.1",
        "ts-key-enum": "^3.0.13",
        "use-stick-to-bottom": "^1.1.1",
        "zod": "^3.25.76",
        "zustand": "^5.0.7"
      },
      "devDependencies": {
        "@types/node": "20.17.24",
        "@types/react": "^19",
        "@types/react-dom": "^19",
        "@types/react-syntax-highlighter": "^15.5.13",
        "autoprefixer": "^10.4.14",
        "eslint": "8.57.1",
        "eslint-config-next": "14.2.3",
        "postcss": "^8.5.10",
        "shiki": "^3.8.0",
        "tailwindcss": "^3.4.15",
        "typescript": "5.8.3"
      }
    },
    "examples/next-hybrid/node_modules/@ai-sdk/provider": {
      "version": "3.0.8",
      "resolved": "https://registry.npmjs.org/@ai-sdk/provider/-/provider-3.0.8.tgz",
      "integrity": "sha512-oGMAgGoQdBXbZqNG0Ze56CHjDZ1IDYOwGYxYjO5KLSlz5HiNQ9udIXsPZ61VWaHGZ5XW/jyjmr6t2xz2jGVwbQ==",
      "license": "Apache-2.0",
      "dependencies": {
        "json-schema": "^0.4.0"
      },
      "engines": {
        "node": ">=18"
      }
    },
    "examples/next-hybrid/node_modules/@types/node": {
      "version": "20.17.24",
      "resolved": "https://registry.npmjs.org/@types/node/-/node-20.17.24.tgz",
      "integrity": "sha512-d7fGCyB96w9BnWQrOsJtpyiSaBcAYYr75bnK6ZRjDbql2cGLj/3GsL5OYmLPNq76l7Gf2q4Rv9J2o6h5CrD9sA==",
      "dev": true,
      "license": "MIT",
      "dependencies": {
        "undici-types": "~6.19.2"
      }
    }
  }
}
